
Microsoft Visual Studio Solution File, Format Version 12.00
# Visual Studio Version 17
VisualStudioVersion = 17.3.32929.385
MinimumVisualStudioVersion = 10.0.40219.1
Project("{9A19103F-16F7-4668-BE54-9A1E7A4F7556}") = "UABEAvalonia", "UABEAvalonia\UABEAvalonia.csproj", "{5DF4DE55-1498-470C-A7FC-A7D64A15F2E0}"
EndProject
Project("{9A19103F-16F7-4668-BE54-9A1E7A4F7556}") = "TexturePlugin", "TexturePlugin\TexturePlugin.csproj", "{253D4BE6-A4B4-4215-9CB3-3858EFA3FB5E}"
EndProject
Project("{9A19103F-16F7-4668-BE54-9A1E7A4F7556}") = "TexturePluginPreview", "TexturePluginPreview\TexturePluginPreview.csproj", "{407F80BC-7B93-40DB-ADE0-DD4BCC749D1C}"
EndProject
Project("{9A19103F-16F7-4668-BE54-9A1E7A4F7556}") = "TextAssetPlugin", "TextAssetPlugin\TextAssetPlugin.csproj", "{B334A509-14E0-4413-83C7-BA2439A40394}"
EndProject
Project("{9A19103F-16F7-4668-BE54-9A1E7A4F7556}") = "AudioClipPlugin", "AudioClipPlugin\AudioClipPlugin.csproj", "{57B84056-BCA6-4D18-BBE1-59305F7ED5B3}"
EndProject
Project("{9A19103F-16F7-4668-BE54-9A1E7A4F7556}") = "FontPlugin", "FontPlugin\FontPlugin.csproj", "{9C582792-C3AA-4854-9DB5-26AF330ACDDB}"
EndProject
Project("{FAE04EC0-301F-11D3-BF4B-00C04F79EFBC}") = "AssetsTools.NET", "AssetsTools\AssetsTools\AssetTools.NET\AssetsTools.NET.csproj", "{8DAA6B1F-C8A2-49EA-909E-DDE7F314231F}"
EndProject
Project("{2150E333-8FDC-42A3-9474-1A3956D46DE8}") = "AssetsTools", "AssetsTools", "{A91FCCC7-6E25-C51E-E433-F1E99188679C}"
EndProject
Project("{2150E333-8FDC-42A3-9474-1A3956D46DE8}") = "AssetsTools", "AssetsTools", "{84B3971B-3BE9-4DAC-754D-21FE1E8E30B7}"
EndProject
Project("{FAE04EC0-301F-11D3-BF4B-00C04F79EFBC}") = "AssetsTools.NET.Texture", "AssetsTools\AssetsTools\AssetsTools.NET.Texture\AssetsTools.NET.Texture.csproj", "{FE61711E-F9F5-44B9-8682-DF9317D14CF1}"
EndProject
Project("{2150E333-8FDC-42A3-9474-1A3956D46DE8}") = "AssetTools.NET", "AssetTools.NET", "{B47C9335-ADB3-020B-B7DB-5AD6876AACCF}"
EndProject
Project("{FAE04EC0-301F-11D3-BF4B-00C04F79EFBC}") = "AssetsTools.NET.MonoCecil", "AssetsTools\AssetsTools\AssetsTools.NET.MonoCecil\AssetsTools.NET.MonoCecil.csproj", "{DBBCA2FF-CFDD-4442-B9F9-046F4E1B1609}"
EndProject
Project("{FAE04EC0-301F-11D3-BF4B-00C04F79EFBC}") = "AssetsTools.NET.Cpp2IL", "AssetsTools\AssetsTools\AssetsTools.NET.Cpp2IL\AssetsTools.NET.Cpp2IL.csproj", "{ACD4551F-D7CF-4708-91C9-26174F19D815}"
EndProject
Global
	GlobalSection(SolutionConfigurationPlatforms) = preSolution
		Debug|Any CPU = Debug|Any CPU
		Debug|x64 = Debug|x64
		Debug|x86 = Debug|x86
		Release|Any CPU = Release|Any CPU
		Release|x64 = Release|x64
		Release|x86 = Release|x86
	EndGlobalSection
	GlobalSection(ProjectConfigurationPlatforms) = postSolution
		{5DF4DE55-1498-470C-A7FC-A7D64A15F2E0}.Debug|Any CPU.ActiveCfg = Debug|Any CPU
		{5DF4DE55-1498-470C-A7FC-A7D64A15F2E0}.Debug|Any CPU.Build.0 = Debug|Any CPU
		{5DF4DE55-1498-470C-A7FC-A7D64A15F2E0}.Debug|x64.ActiveCfg = Debug|x64
		{5DF4DE55-1498-470C-A7FC-A7D64A15F2E0}.Debug|x64.Build.0 = Debug|x64
		{5DF4DE55-1498-470C-A7FC-A7D64A15F2E0}.Debug|x86.ActiveCfg = Debug|x86
		{5DF4DE55-1498-470C-A7FC-A7D64A15F2E0}.Debug|x86.Build.0 = Debug|x86
		{5DF4DE55-1498-470C-A7FC-A7D64A15F2E0}.Release|Any CPU.ActiveCfg = Release|Any CPU
		{5DF4DE55-1498-470C-A7FC-A7D64A15F2E0}.Release|Any CPU.Build.0 = Release|Any CPU
		{5DF4DE55-1498-470C-A7FC-A7D64A15F2E0}.Release|x64.ActiveCfg = Release|x64
		{5DF4DE55-1498-470C-A7FC-A7D64A15F2E0}.Release|x64.Build.0 = Release|x64
		{5DF4DE55-1498-470C-A7FC-A7D64A15F2E0}.Release|x86.ActiveCfg = Release|x86
		{5DF4DE55-1498-470C-A7FC-A7D64A15F2E0}.Release|x86.Build.0 = Release|x86
		{253D4BE6-A4B4-4215-9CB3-3858EFA3FB5E}.Debug|Any CPU.ActiveCfg = Debug|Any CPU
		{253D4BE6-A4B4-4215-9CB3-3858EFA3FB5E}.Debug|Any CPU.Build.0 = Debug|Any CPU
		{253D4BE6-A4B4-4215-9CB3-3858EFA3FB5E}.Debug|x64.ActiveCfg = Debug|x64
		{253D4BE6-A4B4-4215-9CB3-3858EFA3FB5E}.Debug|x64.Build.0 = Debug|x64
		{253D4BE6-A4B4-4215-9CB3-3858EFA3FB5E}.Debug|x86.ActiveCfg = Debug|x86
		{253D4BE6-A4B4-4215-9CB3-3858EFA3FB5E}.Debug|x86.Build.0 = Debug|x86
		{253D4BE6-A4B4-4215-9CB3-3858EFA3FB5E}.Release|Any CPU.ActiveCfg = Release|Any CPU
		{253D4BE6-A4B4-4215-9CB3-3858EFA3FB5E}.Release|Any CPU.Build.0 = Release|Any CPU
		{253D4BE6-A4B4-4215-9CB3-3858EFA3FB5E}.Release|x64.ActiveCfg = Release|x64
		{253D4BE6-A4B4-4215-9CB3-3858EFA3FB5E}.Release|x64.Build.0 = Release|x64
		{253D4BE6-A4B4-4215-9CB3-3858EFA3FB5E}.Release|x86.ActiveCfg = Release|x86
		{253D4BE6-A4B4-4215-9CB3-3858EFA3FB5E}.Release|x86.Build.0 = Release|x86
		{407F80BC-7B93-40DB-ADE0-DD4BCC749D1C}.Debug|Any CPU.ActiveCfg = Debug|Any CPU
		{407F80BC-7B93-40DB-ADE0-DD4BCC749D1C}.Debug|Any CPU.Build.0 = Debug|Any CPU
		{407F80BC-7B93-40DB-ADE0-DD4BCC749D1C}.Debug|x64.ActiveCfg = Debug|x64
		{407F80BC-7B93-40DB-ADE0-DD4BCC749D1C}.Debug|x64.Build.0 = Debug|x64
		{407F80BC-7B93-40DB-ADE0-DD4BCC749D1C}.Debug|x86.ActiveCfg = Debug|x86
		{407F80BC-7B93-40DB-ADE0-DD4BCC749D1C}.Debug|x86.Build.0 = Debug|x86
		{407F80BC-7B93-40DB-ADE0-DD4BCC749D1C}.Release|Any CPU.ActiveCfg = Release|Any CPU
		{407F80BC-7B93-40DB-ADE0-DD4BCC749D1C}.Release|Any CPU.Build.0 = Release|Any CPU
		{407F80BC-7B93-40DB-ADE0-DD4BCC749D1C}.Release|x64.ActiveCfg = Release|x64
		{407F80BC-7B93-40DB-ADE0-DD4BCC749D1C}.Release|x64.Build.0 = Release|x64
		{407F80BC-7B93-40DB-ADE0-DD4BCC749D1C}.Release|x86.ActiveCfg = Release|x86
		{407F80BC-7B93-40DB-ADE0-DD4BCC749D1C}.Release|x86.Build.0 = Release|x86
		{B334A509-14E0-4413-83C7-BA2439A40394}.Debug|Any CPU.ActiveCfg = Debug|Any CPU
		{B334A509-14E0-4413-83C7-BA2439A40394}.Debug|Any CPU.Build.0 = Debug|Any CPU
		{B334A509-14E0-4413-83C7-BA2439A40394}.Debug|x64.ActiveCfg = Debug|x64
		{B334A509-14E0-4413-83C7-BA2439A40394}.Debug|x64.Build.0 = Debug|x64
		{B334A509-14E0-4413-83C7-BA2439A40394}.Debug|x86.ActiveCfg = Debug|x86
		{B334A509-14E0-4413-83C7-BA2439A40394}.Debug|x86.Build.0 = Debug|x86
		{B334A509-14E0-4413-83C7-BA2439A40394}.Release|Any CPU.ActiveCfg = Release|Any CPU
		{B334A509-14E0-4413-83C7-BA2439A40394}.Release|Any CPU.Build.0 = Release|Any CPU
		{B334A509-14E0-4413-83C7-BA2439A40394}.Release|x64.ActiveCfg = Release|x64
		{B334A509-14E0-4413-83C7-BA2439A40394}.Release|x64.Build.0 = Release|x64
		{B334A509-14E0-4413-83C7-BA2439A40394}.Release|x86.ActiveCfg = Release|x86
		{B334A509-14E0-4413-83C7-BA2439A40394}.Release|x86.Build.0 = Release|x86
		{57B84056-BCA6-4D18-BBE1-59305F7ED5B3}.Debug|Any CPU.ActiveCfg = Debug|Any CPU
		{57B84056-BCA6-4D18-BBE1-59305F7ED5B3}.Debug|Any CPU.Build.0 = Debug|Any CPU
		{57B84056-BCA6-4D18-BBE1-59305F7ED5B3}.Debug|x64.ActiveCfg = Debug|Any CPU
		{57B84056-BCA6-4D18-BBE1-59305F7ED5B3}.Debug|x64.Build.0 = Debug|Any CPU
		{57B84056-BCA6-4D18-BBE1-59305F7ED5B3}.Debug|x86.ActiveCfg = Debug|Any CPU
		{57B84056-BCA6-4D18-BBE1-59305F7ED5B3}.Debug|x86.Build.0 = Debug|Any CPU
		{57B84056-BCA6-4D18-BBE1-59305F7ED5B3}.Release|Any CPU.ActiveCfg = Release|Any CPU
		{57B84056-BCA6-4D18-BBE1-59305F7ED5B3}.Release|Any CPU.Build.0 = Release|Any CPU
		{57B84056-BCA6-4D18-BBE1-59305F7ED5B3}.Release|x64.ActiveCfg = Release|Any CPU
		{57B84056-BCA6-4D18-BBE1-59305F7ED5B3}.Release|x64.Build.0 = Release|Any CPU
		{57B84056-BCA6-4D18-BBE1-59305F7ED5B3}.Release|x86.ActiveCfg = Release|Any CPU
		{57B84056-BCA6-4D18-BBE1-59305F7ED5B3}.Release|x86.Build.0 = Release|Any CPU
		{9C582792-C3AA-4854-9DB5-26AF330ACDDB}.Debug|Any CPU.ActiveCfg = Debug|Any CPU
		{9C582792-C3AA-4854-9DB5-26AF330ACDDB}.Debug|Any CPU.Build.0 = Debug|Any CPU
		{9C582792-C3AA-4854-9DB5-26AF330ACDDB}.Debug|x64.ActiveCfg = Debug|x64
		{9C582792-C3AA-4854-9DB5-26AF330ACDDB}.Debug|x64.Build.0 = Debug|x64
		{9C582792-C3AA-4854-9DB5-26AF330ACDDB}.Debug|x86.ActiveCfg = Debug|x86
		{9C582792-C3AA-4854-9DB5-26AF330ACDDB}.Debug|x86.Build.0 = Debug|x86
		{9C582792-C3AA-4854-9DB5-26AF330ACDDB}.Release|Any CPU.ActiveCfg = Release|Any CPU
		{9C582792-C3AA-4854-9DB5-26AF330ACDDB}.Release|Any CPU.Build.0 = Release|Any CPU
		{9C582792-C3AA-4854-9DB5-26AF330ACDDB}.Release|x64.ActiveCfg = Release|x64
		{9C582792-C3AA-4854-9DB5-26AF330ACDDB}.Release|x64.Build.0 = Release|x64
		{9C582792-C3AA-4854-9DB5-26AF330ACDDB}.Release|x86.ActiveCfg = Release|x86
		{9C582792-C3AA-4854-9DB5-26AF330ACDDB}.Release|x86.Build.0 = Release|x86
		{8DAA6B1F-C8A2-49EA-909E-DDE7F314231F}.Debug|Any CPU.ActiveCfg = Debug|Any CPU
		{8DAA6B1F-C8A2-49EA-909E-DDE7F314231F}.Debug|Any CPU.Build.0 = Debug|Any CPU
		{8DAA6B1F-C8A2-49EA-909E-DDE7F314231F}.Debug|x64.ActiveCfg = Debug|Any CPU
		{8DAA6B1F-C8A2-49EA-909E-DDE7F314231F}.Debug|x64.Build.0 = Debug|Any CPU
		{8DAA6B1F-C8A2-49EA-909E-DDE7F314231F}.Debug|x86.ActiveCfg = Debug|Any CPU
		{8DAA6B1F-C8A2-49EA-909E-DDE7F314231F}.Debug|x86.Build.0 = Debug|Any CPU
		{8DAA6B1F-C8A2-49EA-909E-DDE7F314231F}.Release|Any CPU.ActiveCfg = Release|Any CPU
		{8DAA6B1F-C8A2-49EA-909E-DDE7F314231F}.Release|Any CPU.Build.0 = Release|Any CPU
		{8DAA6B1F-C8A2-49EA-909E-DDE7F314231F}.Release|x64.ActiveCfg = Release|Any CPU
		{8DAA6B1F-C8A2-49EA-909E-DDE7F314231F}.Release|x64.Build.0 = Release|Any CPU
		{8DAA6B1F-C8A2-49EA-909E-DDE7F314231F}.Release|x86.ActiveCfg = Release|Any CPU
		{8DAA6B1F-C8A2-49EA-909E-DDE7F314231F}.Release|x86.Build.0 = Release|Any CPU
		{FE61711E-F9F5-44B9-8682-DF9317D14CF1}.Debug|Any CPU.ActiveCfg = Debug|Any CPU
		{FE61711E-F9F5-44B9-8682-DF9317D14CF1}.Debug|Any CPU.Build.0 = Debug|Any CPU
		{FE61711E-F9F5-44B9-8682-DF9317D14CF1}.Debug|x64.ActiveCfg = Debug|Any CPU
		{FE61711E-F9F5-44B9-8682-DF9317D14CF1}.Debug|x64.Build.0 = Debug|Any CPU
		{FE61711E-F9F5-44B9-8682-DF9317D14CF1}.Debug|x86.ActiveCfg = Debug|Any CPU
		{FE61711E-F9F5-44B9-8682-DF9317D14CF1}.Debug|x86.Build.0 = Debug|Any CPU
		{FE61711E-F9F5-44B9-8682-DF9317D14CF1}.Release|Any CPU.ActiveCfg = Release|Any CPU
		{FE61711E-F9F5-44B9-8682-DF9317D14CF1}.Release|Any CPU.Build.0 = Release|Any CPU
		{FE61711E-F9F5-44B9-8682-DF9317D14CF1}.Release|x64.ActiveCfg = Release|Any CPU
		{FE61711E-F9F5-44B9-8682-DF9317D14CF1}.Release|x64.Build.0 = Release|Any CPU
		{FE61711E-F9F5-44B9-8682-DF9317D14CF1}.Release|x86.ActiveCfg = Release|Any CPU
		{FE61711E-F9F5-44B9-8682-DF9317D14CF1}.Release|x86.Build.0 = Release|Any CPU
		{DBBCA2FF-CFDD-4442-B9F9-046F4E1B1609}.Debug|Any CPU.ActiveCfg = Debug|Any CPU
		{DBBCA2FF-CFDD-4442-B9F9-046F4E1B1609}.Debug|Any CPU.Build.0 = Debug|Any CPU
		{DBBCA2FF-CFDD-4442-B9F9-046F4E1B1609}.Debug|x64.ActiveCfg = Debug|Any CPU
		{DBBCA2FF-CFDD-4442-B9F9-046F4E1B1609}.Debug|x64.Build.0 = Debug|Any CPU
		{DBBCA2FF-CFDD-4442-B9F9-046F4E1B1609}.Debug|x86.ActiveCfg = Debug|Any CPU
		{DBBCA2FF-CFDD-4442-B9F9-046F4E1B1609}.Debug|x86.Build.0 = Debug|Any CPU
		{DBBCA2FF-CFDD-4442-B9F9-046F4E1B1609}.Release|Any CPU.ActiveCfg = Release|Any CPU
		{DBBCA2FF-CFDD-4442-B9F9-046F4E1B1609}.Release|Any CPU.Build.0 = Release|Any CPU
		{DBBCA2FF-CFDD-4442-B9F9-046F4E1B1609}.Release|x64.ActiveCfg = Release|Any CPU
		{DBBCA2FF-CFDD-4442-B9F9-046F4E1B1609}.Release|x64.Build.0 = Release|Any CPU
		{DBBCA2FF-CFDD-4442-B9F9-046F4E1B1609}.Release|x86.ActiveCfg = Release|Any CPU
		{DBBCA2FF-CFDD-4442-B9F9-046F4E1B1609}.Release|x86.Build.0 = Release|Any CPU
		{ACD4551F-D7CF-4708-91C9-26174F19D815}.Debug|Any CPU.ActiveCfg = Debug|Any CPU
		{ACD4551F-D7CF-4708-91C9-26174F19D815}.Debug|Any CPU.Build.0 = Debug|Any CPU
		{ACD4551F-D7CF-4708-91C9-26174F19D815}.Debug|x64.ActiveCfg = Debug|Any CPU
		{ACD4551F-D7CF-4708-91C9-26174F19D815}.Debug|x64.Build.0 = Debug|Any CPU
		{ACD4551F-D7CF-4708-91C9-26174F19D815}.Debug|x86.ActiveCfg = Debug|Any CPU
		{ACD4551F-D7CF-4708-91C9-26174F19D815}.Debug|x86.Build.0 = Debug|Any CPU
		{ACD4551F-D7CF-4708-91C9-26174F19D815}.Release|Any CPU.ActiveCfg = Release|Any CPU
		{ACD4551F-D7CF-4708-91C9-26174F19D815}.Release|Any CPU.Build.0 = Release|Any CPU
		{ACD4551F-D7CF-4708-91C9-26174F19D815}.Release|x64.ActiveCfg = Release|Any CPU
		{ACD4551F-D7CF-4708-91C9-26174F19D815}.Release|x64.Build.0 = Release|Any CPU
		{ACD4551F-D7CF-4708-91C9-26174F19D815}.Release|x86.ActiveCfg = Release|Any CPU
		{ACD4551F-D7CF-4708-91C9-26174F19D815}.Release|x86.Build.0 = Release|Any CPU
	EndGlobalSection
	GlobalSection(SolutionProperties) = preSolution
		HideSolutionNode = FALSE
	EndGlobalSection
	GlobalSection(NestedProjects) = preSolution
		{84B3971B-3BE9-4DAC-754D-21FE1E8E30B7} = {A91FCCC7-6E25-C51E-E433-F1E99188679C}
		{FE61711E-F9F5-44B9-8682-DF9317D14CF1} = {84B3971B-3BE9-4DAC-754D-21FE1E8E30B7}
		{B47C9335-ADB3-020B-B7DB-5AD6876AACCF} = {84B3971B-3BE9-4DAC-754D-21FE1E8E30B7}
		{DBBCA2FF-CFDD-4442-B9F9-046F4E1B1609} = {84B3971B-3BE9-4DAC-754D-21FE1E8E30B7}
		{ACD4551F-D7CF-4708-91C9-26174F19D815} = {84B3971B-3BE9-4DAC-754D-21FE1E8E30B7}
	EndGlobalSection
	GlobalSection(ExtensibilityGlobals) = postSolution
		SolutionGuid = {667155ED-1162-45F1-AFE6-484ED96632B7}
	EndGlobalSection
EndGlobal
